
Microsoft Visual Studio Solution File, Format Version 11.00
# Visual Studio 2010
Project("{2857B73E-F847-4B02-9238-064979017E93}") = "ProjetoPI2", "ProjetoPI2\ProjetoPI2.cproj", "{1707A632-8B61-4673-BF04-42267D9196B5}"
EndProject
Global
	GlobalSection(SolutionConfigurationPlatforms) = preSolution
		Debug|Any CPU = Debug|Any CPU
		Release|Any CPU = Release|Any CPU
	EndGlobalSection
	GlobalSection(ProjectConfigurationPlatforms) = postSolution
		{1707A632-8B61-4673-BF04-42267D9196B5}.Debug|Any CPU.ActiveCfg = Debug|Any CPU
		{1707A632-8B61-4673-BF04-42267D9196B5}.Debug|Any CPU.Build.0 = Debug|Any CPU
		{1707A632-8B61-4673-BF04-42267D9196B5}.Release|Any CPU.ActiveCfg = Release|Any CPU
		{1707A632-8B61-4673-BF04-42267D9196B5}.Release|Any CPU.Build.0 = Release|Any CPU
	EndGlobalSection
	GlobalSection(MonoDevelopProperties) = preSolution
		StartupItem = ProjetoPI2\ProjetoPI2.cproj
	EndGlobalSection
EndGlobal
